{
  "name": "@flakeed/chatgpt",
  "version": "0.0.9",
  "lockfileVersion": 2,
  "requires": true,
  "packages": {
    "": {
      "name": "@flakeed/chatgpt",
      "version": "0.0.9",
      "dependencies": {
        "@deep-foundation/core": "^0.0.2",
        "@flakeed/messaging": "^0.0.3"
      }
    },
    "node_modules/@deep-foundation/core": {
      "version": "0.0.2",
      "resolved": "https://registry.npmjs.org/@deep-foundation/core/-/core-0.0.2.tgz",
      "integrity": "sha512-fj6lUy8YB5NtlLdYnht0Knxb6w7Zpye+AEZLBsBzeb27HXGy2mFw2MNSuW76LiptWTIvChPjhOj3Mh6cHQHNEg=="
    },
    "node_modules/@flakeed/messaging": {
      "version": "0.0.3",
      "resolved": "https://registry.npmjs.org/@flakeed/messaging/-/messaging-0.0.3.tgz",
      "integrity": "sha512-2quTaG4fXmRTRDf36p689xVsnC2tM/HHUcuICK+bZFtRGPlEwPRmdUIC0Za3iHHLWtA09NWUNqO8DDt+LB7sZQ==",
      "dependencies": {
        "@deep-foundation/core": "^0.0.2"
      }
    }
  },
  "dependencies": {
    "@deep-foundation/core": {
      "version": "0.0.2",
      "resolved": "https://registry.npmjs.org/@deep-foundation/core/-/core-0.0.2.tgz",
      "integrity": "sha512-fj6lUy8YB5NtlLdYnht0Knxb6w7Zpye+AEZLBsBzeb27HXGy2mFw2MNSuW76LiptWTIvChPjhOj3Mh6cHQHNEg=="
    },
    "@flakeed/messaging": {
      "version": "0.0.3",
      "resolved": "https://registry.npmjs.org/@flakeed/messaging/-/messaging-0.0.3.tgz",
      "integrity": "sha512-2quTaG4fXmRTRDf36p689xVsnC2tM/HHUcuICK+bZFtRGPlEwPRmdUIC0Za3iHHLWtA09NWUNqO8DDt+LB7sZQ==",
      "requires": {
        "@deep-foundation/core": "^0.0.2"
      }
    }
  }
}
