{
  "name": "chatgpt",
  "lockfileVersion": 3,
  "requires": true,
  "packages": {
    "": {
      "dependencies": {
        "@deep-foundation/chatgpt": "^1.0.3"
      }
    },
    "node_modules/@deep-foundation/chatgpt": {
      "version": "1.0.3",
      "resolved": "https://registry.npmjs.org/@deep-foundation/chatgpt/-/chatgpt-1.0.3.tgz",
      "integrity": "sha512-TtSZA1mqy1D8KPU03E4z20CP/zihFj9mf8N5fhyfWhqHkrlvjUk9/8AkoC9PkPGTaWRdbvqu4Oyykt8QhrDRwg==",
      "dependencies": {
        "@deep-foundation/core": "^0.0.2",
        "@deep-foundation/messaging": "~1.0.1",
        "@deep-foundation/openai": "~1.0.1",
        "@flakeed/messaging": "^0.0.9",
        "@flakeed/openai": "^0.0.5"
      }
    },
    "node_modules/@deep-foundation/chatgpt/node_modules/@flakeed/messaging": {
      "version": "0.0.9",
      "resolved": "https://registry.npmjs.org/@flakeed/messaging/-/messaging-0.0.9.tgz",
      "integrity": "sha512-PVehw8hacGJ3iBJgh7r1H4pnnUigHrv+8gfTRdMsHYEz5LiYUUBV5sa5H3ck4ZxjPgKOhZRwSh9cpJFFTGkwQA==",
      "dependencies": {
        "@deep-foundation/core": "^0.0.2"
      }
    },
    "node_modules/@deep-foundation/core": {
      "version": "0.0.2",
      "resolved": "https://registry.npmjs.org/@deep-foundation/core/-/core-0.0.2.tgz",
      "integrity": "sha512-fj6lUy8YB5NtlLdYnht0Knxb6w7Zpye+AEZLBsBzeb27HXGy2mFw2MNSuW76LiptWTIvChPjhOj3Mh6cHQHNEg=="
    },
    "node_modules/@deep-foundation/messaging": {
      "version": "1.0.1",
      "resolved": "https://registry.npmjs.org/@deep-foundation/messaging/-/messaging-1.0.1.tgz",
      "integrity": "sha512-wsR6ub6AQs3Kji7Ehfkqng7Qe7csRHvcwF5VbtTf0ijMdyNQWJ1LZsFub3VOHDbvQ4tl50YiTRket4kFsuJaig==",
      "dependencies": {
        "@deep-foundation/core": "^0.0.2"
      }
    },
    "node_modules/@deep-foundation/openai": {
      "version": "1.0.1",
      "resolved": "https://registry.npmjs.org/@deep-foundation/openai/-/openai-1.0.1.tgz",
      "integrity": "sha512-C923E+OaFH/vDx+iUdZLU7PKvYHVMA6vuRyfwVlr9dlr4AihSFFHpFZZoeNFlAmxTmHpsf93JuGoiiSDKRBerA==",
      "dependencies": {
        "@deep-foundation/core": "^0.0.2"
      }
    },
    "node_modules/@flakeed/openai": {
      "version": "0.0.5",
      "resolved": "https://registry.npmjs.org/@flakeed/openai/-/openai-0.0.5.tgz",
      "integrity": "sha512-O6KYcV15252WkS6gU7RZqf0cK9fYRcVGzIazchh0hGCEpf9SMcikPqk/oCXtfvTgJ4YLTRfBxkJz/eSEeGu+0w==",
      "dependencies": {
        "@deep-foundation/core": "^0.0.2"
      }
    }
  }
}
