{
  "name": "@deep-foundation/chatgpt",
  "version": "1.0.6",
  "lockfileVersion": 3,
  "requires": true,
  "packages": {
    "": {
      "name": "@deep-foundation/chatgpt",
      "version": "1.0.6",
      "dependencies": {
        "@deep-foundation/core": "^0.0.2",
        "@deep-foundation/messaging": "~1.0.1",
        "@deep-foundation/openai": "~1.0.1"
      }
    },
    "node_modules/@deep-foundation/core": {
      "version": "0.0.2",
      "resolved": "https://registry.npmjs.org/@deep-foundation/core/-/core-0.0.2.tgz",
      "integrity": "sha512-fj6lUy8YB5NtlLdYnht0Knxb6w7Zpye+AEZLBsBzeb27HXGy2mFw2MNSuW76LiptWTIvChPjhOj3Mh6cHQHNEg=="
    },
    "node_modules/@deep-foundation/messaging": {
      "version": "1.0.1",
      "resolved": "https://registry.npmjs.org/@deep-foundation/messaging/-/messaging-1.0.1.tgz",
      "integrity": "sha512-wsR6ub6AQs3Kji7Ehfkqng7Qe7csRHvcwF5VbtTf0ijMdyNQWJ1LZsFub3VOHDbvQ4tl50YiTRket4kFsuJaig==",
      "dependencies": {
        "@deep-foundation/core": "^0.0.2"
      }
    },
    "node_modules/@deep-foundation/openai": {
      "version": "1.0.1",
      "resolved": "https://registry.npmjs.org/@deep-foundation/openai/-/openai-1.0.1.tgz",
      "integrity": "sha512-C923E+OaFH/vDx+iUdZLU7PKvYHVMA6vuRyfwVlr9dlr4AihSFFHpFZZoeNFlAmxTmHpsf93JuGoiiSDKRBerA==",
      "dependencies": {
        "@deep-foundation/core": "^0.0.2"
      }
    }
  }
}
